// !$*UTF8*$!
{
	archiveVersion = 1;
	classes = {
	};
	objectVersion = 46;
	objects = {

/* Begin PBXBuildFile section */
		733A1DF51EB3BB1F00333BC1 /* Gotham Bold Regular.ttf in Resources */ = {isa = PBXBuildFile; fileRef = 733A1DF41EB3BB1F00333BC1 /* Gotham Bold Regular.ttf */; };
		733A1DF71EB3BDBF00333BC1 /* logo.png in Resources */ = {isa = PBXBuildFile; fileRef = 733A1DF61EB3BDBF00333BC1 /* logo.png */; };
		7344918A1E820F3100662CF2 /* ScheduleViewController.swift in Sources */ = {isa = PBXBuildFile; fileRef = 734491891E820F3100662CF2 /* ScheduleViewController.swift */; };
		7344918C1E8215CE00662CF2 /* User.swift in Sources */ = {isa = PBXBuildFile; fileRef = 7344918B1E8215CE00662CF2 /* User.swift */; };
		7382C4F11E858C39006C9AF6 /* RegisterViewController.swift in Sources */ = {isa = PBXBuildFile; fileRef = 7382C4F01E858C39006C9AF6 /* RegisterViewController.swift */; };
		7399880A1E48B29600713F58 /* Global.swift in Sources */ = {isa = PBXBuildFile; fileRef = 739988091E48B29600713F58 /* Global.swift */; };
		7399880C1E48BD6E00713F58 /* Student.swift in Sources */ = {isa = PBXBuildFile; fileRef = 7399880B1E48BD6E00713F58 /* Student.swift */; };
		7399880E1E48BD7900713F58 /* Parent.swift in Sources */ = {isa = PBXBuildFile; fileRef = 7399880D1E48BD7900713F58 /* Parent.swift */; };
		739988101E48BD8700713F58 /* Schedule.swift in Sources */ = {isa = PBXBuildFile; fileRef = 7399880F1E48BD8700713F58 /* Schedule.swift */; };
		73B38C6C1E43A44E00FBC9F0 /* AppDelegate.swift in Sources */ = {isa = PBXBuildFile; fileRef = 73B38C6B1E43A44E00FBC9F0 /* AppDelegate.swift */; };
		73B38C6E1E43A44E00FBC9F0 /* ViewController.swift in Sources */ = {isa = PBXBuildFile; fileRef = 73B38C6D1E43A44E00FBC9F0 /* ViewController.swift */; };
		73B38C711E43A44E00FBC9F0 /* Main.storyboard in Resources */ = {isa = PBXBuildFile; fileRef = 73B38C6F1E43A44E00FBC9F0 /* Main.storyboard */; };
		73B38C731E43A44E00FBC9F0 /* Assets.xcassets in Resources */ = {isa = PBXBuildFile; fileRef = 73B38C721E43A44E00FBC9F0 /* Assets.xcassets */; };
		73B38C761E43A44E00FBC9F0 /* LaunchScreen.storyboard in Resources */ = {isa = PBXBuildFile; fileRef = 73B38C741E43A44E00FBC9F0 /* LaunchScreen.storyboard */; };
		73B38C811E43A44E00FBC9F0 /* RSGC_OrganizerTests.swift in Sources */ = {isa = PBXBuildFile; fileRef = 73B38C801E43A44E00FBC9F0 /* RSGC_OrganizerTests.swift */; };
		73B38C8C1E43A44E00FBC9F0 /* RSGC_OrganizerUITests.swift in Sources */ = {isa = PBXBuildFile; fileRef = 73B38C8B1E43A44E00FBC9F0 /* RSGC_OrganizerUITests.swift */; };
		73D651141E9BB4EC001217DA /* EnterScheduleViewController.swift in Sources */ = {isa = PBXBuildFile; fileRef = 73D651131E9BB4EC001217DA /* EnterScheduleViewController.swift */; };
		DD4355B3D0210614A4370483 /* Pods_RSGC_Organizer.framework in Frameworks */ = {isa = PBXBuildFile; fileRef = 4209019215F8DDE8BF4940B4 /* Pods_RSGC_Organizer.framework */; };
/* End PBXBuildFile section */

/* Begin PBXContainerItemProxy section */
		73B38C7D1E43A44E00FBC9F0 /* PBXContainerItemProxy */ = {
			isa = PBXContainerItemProxy;
			containerPortal = 73B38C601E43A44E00FBC9F0 /* Project object */;
			proxyType = 1;
			remoteGlobalIDString = 73B38C671E43A44E00FBC9F0;
			remoteInfo = "RSGC Organizer";
		};
		73B38C881E43A44E00FBC9F0 /* PBXContainerItemProxy */ = {
			isa = PBXContainerItemProxy;
			containerPortal = 73B38C601E43A44E00FBC9F0 /* Project object */;
			proxyType = 1;
			remoteGlobalIDString = 73B38C671E43A44E00FBC9F0;
			remoteInfo = "RSGC Organizer";
		};
/* End PBXContainerItemProxy section */

/* Begin PBXFileReference section */
		4209019215F8DDE8BF4940B4 /* Pods_RSGC_Organizer.framework */ = {isa = PBXFileReference; explicitFileType = wrapper.framework; includeInIndex = 0; path = Pods_RSGC_Organizer.framework; sourceTree = BUILT_PRODUCTS_DIR; };
		4529FD46D9E3D5D6F51E60B5 /* Pods-RSGC Organizer.debug.xcconfig */ = {isa = PBXFileReference; includeInIndex = 1; lastKnownFileType = text.xcconfig; name = "Pods-RSGC Organizer.debug.xcconfig"; path = "Pods/Target Support Files/Pods-RSGC Organizer/Pods-RSGC Organizer.debug.xcconfig"; sourceTree = "<group>"; };
		733A1DF41EB3BB1F00333BC1 /* Gotham Bold Regular.ttf */ = {isa = PBXFileReference; lastKnownFileType = file; path = "Gotham Bold Regular.ttf"; sourceTree = "<group>"; };
		733A1DF61EB3BDBF00333BC1 /* logo.png */ = {isa = PBXFileReference; lastKnownFileType = image.png; path = logo.png; sourceTree = "<group>"; };
		734491891E820F3100662CF2 /* ScheduleViewController.swift */ = {isa = PBXFileReference; fileEncoding = 4; lastKnownFileType = sourcecode.swift; path = ScheduleViewController.swift; sourceTree = "<group>"; };
		7344918B1E8215CE00662CF2 /* User.swift */ = {isa = PBXFileReference; fileEncoding = 4; lastKnownFileType = sourcecode.swift; path = User.swift; sourceTree = "<group>"; };
		7382C4F01E858C39006C9AF6 /* RegisterViewController.swift */ = {isa = PBXFileReference; fileEncoding = 4; lastKnownFileType = sourcecode.swift; path = RegisterViewController.swift; sourceTree = "<group>"; };
		739988091E48B29600713F58 /* Global.swift */ = {isa = PBXFileReference; fileEncoding = 4; lastKnownFileType = sourcecode.swift; path = Global.swift; sourceTree = "<group>"; };
		7399880B1E48BD6E00713F58 /* Student.swift */ = {isa = PBXFileReference; fileEncoding = 4; lastKnownFileType = sourcecode.swift; path = Student.swift; sourceTree = "<group>"; };
		7399880D1E48BD7900713F58 /* Parent.swift */ = {isa = PBXFileReference; fileEncoding = 4; lastKnownFileType = sourcecode.swift; path = Parent.swift; sourceTree = "<group>"; };
		7399880F1E48BD8700713F58 /* Schedule.swift */ = {isa = PBXFileReference; fileEncoding = 4; lastKnownFileType = sourcecode.swift; path = Schedule.swift; sourceTree = "<group>"; };
		73B38C681E43A44E00FBC9F0 /* RSGC Organizer.app */ = {isa = PBXFileReference; explicitFileType = wrapper.application; includeInIndex = 0; path = "RSGC Organizer.app"; sourceTree = BUILT_PRODUCTS_DIR; };
		73B38C6B1E43A44E00FBC9F0 /* AppDelegate.swift */ = {isa = PBXFileReference; lastKnownFileType = sourcecode.swift; path = AppDelegate.swift; sourceTree = "<group>"; };
		73B38C6D1E43A44E00FBC9F0 /* ViewController.swift */ = {isa = PBXFileReference; lastKnownFileType = sourcecode.swift; path = ViewController.swift; sourceTree = "<group>"; };
		73B38C701E43A44E00FBC9F0 /* Base */ = {isa = PBXFileReference; lastKnownFileType = file.storyboard; name = Base; path = Base.lproj/Main.storyboard; sourceTree = "<group>"; };
		73B38C721E43A44E00FBC9F0 /* Assets.xcassets */ = {isa = PBXFileReference; lastKnownFileType = folder.assetcatalog; path = Assets.xcassets; sourceTree = "<group>"; };
		73B38C751E43A44E00FBC9F0 /* Base */ = {isa = PBXFileReference; lastKnownFileType = file.storyboard; name = Base; path = Base.lproj/LaunchScreen.storyboard; sourceTree = "<group>"; };
		73B38C771E43A44E00FBC9F0 /* Info.plist */ = {isa = PBXFileReference; lastKnownFileType = text.plist.xml; path = Info.plist; sourceTree = "<group>"; };
		73B38C7C1E43A44E00FBC9F0 /* RSGC OrganizerTests.xctest */ = {isa = PBXFileReference; explicitFileType = wrapper.cfbundle; includeInIndex = 0; path = "RSGC OrganizerTests.xctest"; sourceTree = BUILT_PRODUCTS_DIR; };
		73B38C801E43A44E00FBC9F0 /* RSGC_OrganizerTests.swift */ = {isa = PBXFileReference; lastKnownFileType = sourcecode.swift; path = RSGC_OrganizerTests.swift; sourceTree = "<group>"; };
		73B38C821E43A44E00FBC9F0 /* Info.plist */ = {isa = PBXFileReference; lastKnownFileType = text.plist.xml; path = Info.plist; sourceTree = "<group>"; };
		73B38C871E43A44E00FBC9F0 /* RSGC OrganizerUITests.xctest */ = {isa = PBXFileReference; explicitFileType = wrapper.cfbundle; includeInIndex = 0; path = "RSGC OrganizerUITests.xctest"; sourceTree = BUILT_PRODUCTS_DIR; };
		73B38C8B1E43A44E00FBC9F0 /* RSGC_OrganizerUITests.swift */ = {isa = PBXFileReference; lastKnownFileType = sourcecode.swift; path = RSGC_OrganizerUITests.swift; sourceTree = "<group>"; };
		73B38C8D1E43A44E00FBC9F0 /* Info.plist */ = {isa = PBXFileReference; lastKnownFileType = text.plist.xml; path = Info.plist; sourceTree = "<group>"; };
		73D651131E9BB4EC001217DA /* EnterScheduleViewController.swift */ = {isa = PBXFileReference; fileEncoding = 4; lastKnownFileType = sourcecode.swift; path = EnterScheduleViewController.swift; sourceTree = "<group>"; };
		A53EBF4A2213246243C81115 /* Pods-RSGC Organizer.release.xcconfig */ = {isa = PBXFileReference; includeInIndex = 1; lastKnownFileType = text.xcconfig; name = "Pods-RSGC Organizer.release.xcconfig"; path = "Pods/Target Support Files/Pods-RSGC Organizer/Pods-RSGC Organizer.release.xcconfig"; sourceTree = "<group>"; };
/* End PBXFileReference section */

/* Begin PBXFrameworksBuildPhase section */
		73B38C651E43A44E00FBC9F0 /* Frameworks */ = {
			isa = PBXFrameworksBuildPhase;
			buildActionMask = 2147483647;
			files = (
				DD4355B3D0210614A4370483 /* Pods_RSGC_Organizer.framework in Frameworks */,
			);
			runOnlyForDeploymentPostprocessing = 0;
		};
		73B38C791E43A44E00FBC9F0 /* Frameworks */ = {
			isa = PBXFrameworksBuildPhase;
			buildActionMask = 2147483647;
			files = (
			);
			runOnlyForDeploymentPostprocessing = 0;
		};
		73B38C841E43A44E00FBC9F0 /* Frameworks */ = {
			isa = PBXFrameworksBuildPhase;
			buildActionMask = 2147483647;
			files = (
			);
			runOnlyForDeploymentPostprocessing = 0;
		};
/* End PBXFrameworksBuildPhase section */

/* Begin PBXGroup section */
		12C56B40F5CED5651552F282 /* Pods */ = {
			isa = PBXGroup;
			children = (
				4529FD46D9E3D5D6F51E60B5 /* Pods-RSGC Organizer.debug.xcconfig */,
				A53EBF4A2213246243C81115 /* Pods-RSGC Organizer.release.xcconfig */,
			);
			name = Pods;
			sourceTree = "<group>";
		};
		73B38C5F1E43A44E00FBC9F0 = {
			isa = PBXGroup;
			children = (
				73B38C6A1E43A44E00FBC9F0 /* RSGC Organizer */,
				73B38C7F1E43A44E00FBC9F0 /* RSGC OrganizerTests */,
				73B38C8A1E43A44E00FBC9F0 /* RSGC OrganizerUITests */,
				73B38C691E43A44E00FBC9F0 /* Products */,
				12C56B40F5CED5651552F282 /* Pods */,
				E110DF491A605EA1B055206E /* Frameworks */,
			);
			sourceTree = "<group>";
		};
		73B38C691E43A44E00FBC9F0 /* Products */ = {
			isa = PBXGroup;
			children = (
				73B38C681E43A44E00FBC9F0 /* RSGC Organizer.app */,
				73B38C7C1E43A44E00FBC9F0 /* RSGC OrganizerTests.xctest */,
				73B38C871E43A44E00FBC9F0 /* RSGC OrganizerUITests.xctest */,
			);
			name = Products;
			sourceTree = "<group>";
		};
		73B38C6A1E43A44E00FBC9F0 /* RSGC Organizer */ = {
			isa = PBXGroup;
			children = (
				733A1DF41EB3BB1F00333BC1 /* Gotham Bold Regular.ttf */,
				73B38C6B1E43A44E00FBC9F0 /* AppDelegate.swift */,
				73B38C6D1E43A44E00FBC9F0 /* ViewController.swift */,
				734491891E820F3100662CF2 /* ScheduleViewController.swift */,
				739988091E48B29600713F58 /* Global.swift */,
				7344918B1E8215CE00662CF2 /* User.swift */,
				7399880B1E48BD6E00713F58 /* Student.swift */,
				7399880D1E48BD7900713F58 /* Parent.swift */,
				7399880F1E48BD8700713F58 /* Schedule.swift */,
				7382C4F01E858C39006C9AF6 /* RegisterViewController.swift */,
				73D651131E9BB4EC001217DA /* EnterScheduleViewController.swift */,
				73B38C6F1E43A44E00FBC9F0 /* Main.storyboard */,
				733A1DF61EB3BDBF00333BC1 /* logo.png */,
				73B38C721E43A44E00FBC9F0 /* Assets.xcassets */,
				73B38C741E43A44E00FBC9F0 /* LaunchScreen.storyboard */,
				73B38C771E43A44E00FBC9F0 /* Info.plist */,
			);
			path = "RSGC Organizer";
			sourceTree = "<group>";
		};
		73B38C7F1E43A44E00FBC9F0 /* RSGC OrganizerTests */ = {
			isa = PBXGroup;
			children = (
				73B38C801E43A44E00FBC9F0 /* RSGC_OrganizerTests.swift */,
				73B38C821E43A44E00FBC9F0 /* Info.plist */,
			);
			path = "RSGC OrganizerTests";
			sourceTree = "<group>";
		};
		73B38C8A1E43A44E00FBC9F0 /* RSGC OrganizerUITests */ = {
			isa = PBXGroup;
			children = (
				73B38C8B1E43A44E00FBC9F0 /* RSGC_OrganizerUITests.swift */,
				73B38C8D1E43A44E00FBC9F0 /* Info.plist */,
			);
			path = "RSGC OrganizerUITests";
			sourceTree = "<group>";
		};
		E110DF491A605EA1B055206E /* Frameworks */ = {
			isa = PBXGroup;
			children = (
				4209019215F8DDE8BF4940B4 /* Pods_RSGC_Organizer.framework */,
			);
			name = Frameworks;
			sourceTree = "<group>";
		};
/* End PBXGroup section */

/* Begin PBXNativeTarget section */
		73B38C671E43A44E00FBC9F0 /* RSGC Organizer */ = {
			isa = PBXNativeTarget;
			buildConfigurationList = 73B38C901E43A44E00FBC9F0 /* Build configuration list for PBXNativeTarget "RSGC Organizer" */;
			buildPhases = (
				08974719AD6B3E24532E5B45 /* [CP] Check Pods Manifest.lock */,
				73B38C641E43A44E00FBC9F0 /* Sources */,
				73B38C651E43A44E00FBC9F0 /* Frameworks */,
				73B38C661E43A44E00FBC9F0 /* Resources */,
				078217FEBC232914DB180C17 /* [CP] Embed Pods Frameworks */,
				A2A4B03265B1621E56D6024F /* [CP] Copy Pods Resources */,
			);
			buildRules = (
			);
			dependencies = (
			);
			name = "RSGC Organizer";
			productName = "RSGC Organizer";
			productReference = 73B38C681E43A44E00FBC9F0 /* RSGC Organizer.app */;
			productType = "com.apple.product-type.application";
		};
		73B38C7B1E43A44E00FBC9F0 /* RSGC OrganizerTests */ = {
			isa = PBXNativeTarget;
			buildConfigurationList = 73B38C931E43A44E00FBC9F0 /* Build configuration list for PBXNativeTarget "RSGC OrganizerTests" */;
			buildPhases = (
				73B38C781E43A44E00FBC9F0 /* Sources */,
				73B38C791E43A44E00FBC9F0 /* Frameworks */,
				73B38C7A1E43A44E00FBC9F0 /* Resources */,
			);
			buildRules = (
			);
			dependencies = (
				73B38C7E1E43A44E00FBC9F0 /* PBXTargetDependency */,
			);
			name = "RSGC OrganizerTests";
			productName = "RSGC OrganizerTests";
			productReference = 73B38C7C1E43A44E00FBC9F0 /* RSGC OrganizerTests.xctest */;
			productType = "com.apple.product-type.bundle.unit-test";
		};
		73B38C861E43A44E00FBC9F0 /* RSGC OrganizerUITests */ = {
			isa = PBXNativeTarget;
			buildConfigurationList = 73B38C961E43A44E00FBC9F0 /* Build configuration list for PBXNativeTarget "RSGC OrganizerUITests" */;
			buildPhases = (
				73B38C831E43A44E00FBC9F0 /* Sources */,
				73B38C841E43A44E00FBC9F0 /* Frameworks */,
				73B38C851E43A44E00FBC9F0 /* Resources */,
			);
			buildRules = (
			);
			dependencies = (
				73B38C891E43A44E00FBC9F0 /* PBXTargetDependency */,
			);
			name = "RSGC OrganizerUITests";
			productName = "RSGC OrganizerUITests";
			productReference = 73B38C871E43A44E00FBC9F0 /* RSGC OrganizerUITests.xctest */;
			productType = "com.apple.product-type.bundle.ui-testing";
		};
/* End PBXNativeTarget section */

/* Begin PBXProject section */
		73B38C601E43A44E00FBC9F0 /* Project object */ = {
			isa = PBXProject;
			attributes = {
				LastSwiftUpdateCheck = 0820;
				LastUpgradeCheck = 0820;
				ORGANIZATIONNAME = "Ethan Peterson";
				TargetAttributes = {
					73B38C671E43A44E00FBC9F0 = {
						CreatedOnToolsVersion = 8.2.1;
						DevelopmentTeam = 7JLULCM2VZ;
						ProvisioningStyle = Automatic;
					};
					73B38C7B1E43A44E00FBC9F0 = {
						CreatedOnToolsVersion = 8.2.1;
						DevelopmentTeam = 7JLULCM2VZ;
						ProvisioningStyle = Automatic;
						TestTargetID = 73B38C671E43A44E00FBC9F0;
					};
					73B38C861E43A44E00FBC9F0 = {
						CreatedOnToolsVersion = 8.2.1;
						DevelopmentTeam = 7JLULCM2VZ;
						ProvisioningStyle = Automatic;
						TestTargetID = 73B38C671E43A44E00FBC9F0;
					};
				};
			};
			buildConfigurationList = 73B38C631E43A44E00FBC9F0 /* Build configuration list for PBXProject "RSGC Organizer" */;
			compatibilityVersion = "Xcode 3.2";
			developmentRegion = English;
			hasScannedForEncodings = 0;
			knownRegions = (
				en,
				Base,
			);
			mainGroup = 73B38C5F1E43A44E00FBC9F0;
			productRefGroup = 73B38C691E43A44E00FBC9F0 /* Products */;
			projectDirPath = "";
			projectRoot = "";
			targets = (
				73B38C671E43A44E00FBC9F0 /* RSGC Organizer */,
				73B38C7B1E43A44E00FBC9F0 /* RSGC OrganizerTests */,
				73B38C861E43A44E00FBC9F0 /* RSGC OrganizerUITests */,
			);
		};
/* End PBXProject section */

/* Begin PBXResourcesBuildPhase section */
		73B38C661E43A44E00FBC9F0 /* Resources */ = {
			isa = PBXResourcesBuildPhase;
			buildActionMask = 2147483647;
			files = (
				73B38C761E43A44E00FBC9F0 /* LaunchScreen.storyboard in Resources */,
				733A1DF71EB3BDBF00333BC1 /* logo.png in Resources */,
				733A1DF51EB3BB1F00333BC1 /* Gotham Bold Regular.ttf in Resources */,
				73B38C731E43A44E00FBC9F0 /* Assets.xcassets in Resources */,
				73B38C711E43A44E00FBC9F0 /* Main.storyboard in Resources */,
			);
			runOnlyForDeploymentPostprocessing = 0;
		};
		73B38C7A1E43A44E00FBC9F0 /* Resources */ = {
			isa = PBXResourcesBuildPhase;
			buildActionMask = 2147483647;
			files = (
			);
			runOnlyForDeploymentPostprocessing = 0;
		};
		73B38C851E43A44E00FBC9F0 /* Resources */ = {
			isa = PBXResourcesBuildPhase;
			buildActionMask = 2147483647;
			files = (
			);
			runOnlyForDeploymentPostprocessing = 0;
		};
/* End PBXResourcesBuildPhase section */

/* Begin PBXShellScriptBuildPhase section */
		078217FEBC232914DB180C17 /* [CP] Embed Pods Frameworks */ = {
			isa = PBXShellScriptBuildPhase;
			buildActionMask = 2147483647;
			files = (
			);
			inputPaths = (
			);
			name = "[CP] Embed Pods Frameworks";
			outputPaths = (
			);
			runOnlyForDeploymentPostprocessing = 0;
			shellPath = /bin/sh;
			shellScript = "\"${SRCROOT}/Pods/Target Support Files/Pods-RSGC Organizer/Pods-RSGC Organizer-frameworks.sh\"\n";
			showEnvVarsInLog = 0;
		};
		08974719AD6B3E24532E5B45 /* [CP] Check Pods Manifest.lock */ = {
			isa = PBXShellScriptBuildPhase;
			buildActionMask = 2147483647;
			files = (
			);
			inputPaths = (
			);
			name = "[CP] Check Pods Manifest.lock";
			outputPaths = (
			);
			runOnlyForDeploymentPostprocessing = 0;
			shellPath = /bin/sh;
			shellScript = "diff \"${PODS_ROOT}/../Podfile.lock\" \"${PODS_ROOT}/Manifest.lock\" > /dev/null\nif [ $? != 0 ] ; then\n    # print error to STDERR\n    echo \"error: The sandbox is not in sync with the Podfile.lock. Run 'pod install' or update your CocoaPods installation.\" >&2\n    exit 1\nfi\n";
			showEnvVarsInLog = 0;
		};
		A2A4B03265B1621E56D6024F /* [CP] Copy Pods Resources */ = {
			isa = PBXShellScriptBuildPhase;
			buildActionMask = 2147483647;
			files = (
			);
			inputPaths = (
			);
			name = "[CP] Copy Pods Resources";
			outputPaths = (
			);
			runOnlyForDeploymentPostprocessing = 0;
			shellPath = /bin/sh;
			shellScript = "\"${SRCROOT}/Pods/Target Support Files/Pods-RSGC Organizer/Pods-RSGC Organizer-resources.sh\"\n";
			showEnvVarsInLog = 0;
		};
/* End PBXShellScriptBuildPhase section */

/* Begin PBXSourcesBuildPhase section */
		73B38C641E43A44E00FBC9F0 /* Sources */ = {
			isa = PBXSourcesBuildPhase;
			buildActionMask = 2147483647;
			files = (
				7382C4F11E858C39006C9AF6 /* RegisterViewController.swift in Sources */,
				739988101E48BD8700713F58 /* Schedule.swift in Sources */,
				73B38C6E1E43A44E00FBC9F0 /* ViewController.swift in Sources */,
				73B38C6C1E43A44E00FBC9F0 /* AppDelegate.swift in Sources */,
				73D651141E9BB4EC001217DA /* EnterScheduleViewController.swift in Sources */,
				7399880A1E48B29600713F58 /* Global.swift in Sources */,
				7344918C1E8215CE00662CF2 /* User.swift in Sources */,
				7399880C1E48BD6E00713F58 /* Student.swift in Sources */,
				7344918A1E820F3100662CF2 /* ScheduleViewController.swift in Sources */,
				7399880E1E48BD7900713F58 /* Parent.swift in Sources */,
			);
			runOnlyForDeploymentPostprocessing = 0;
		};
		73B38C781E43A44E00FBC9F0 /* Sources */ = {
			isa = PBXSourcesBuildPhase;
			buildActionMask = 2147483647;
			files = (
				73B38C811E43A44E00FBC9F0 /* RSGC_OrganizerTests.swift in Sources */,
			);
			runOnlyForDeploymentPostprocessing = 0;
		};
		73B38C831E43A44E00FBC9F0 /* Sources */ = {
			isa = PBXSourcesBuildPhase;
			buildActionMask = 2147483647;
			files = (
				73B38C8C1E43A44E00FBC9F0 /* RSGC_OrganizerUITests.swift in Sources */,
			);
			runOnlyForDeploymentPostprocessing = 0;
		};
/* End PBXSourcesBuildPhase section */

/* Begin PBXTargetDependency section */
		73B38C7E1E43A44E00FBC9F0 /* PBXTargetDependency */ = {
			isa = PBXTargetDependency;
			target = 73B38C671E43A44E00FBC9F0 /* RSGC Organizer */;
			targetProxy = 73B38C7D1E43A44E00FBC9F0 /* PBXContainerItemProxy */;
		};
		73B38C891E43A44E00FBC9F0 /* PBXTargetDependency */ = {
			isa = PBXTargetDependency;
			target = 73B38C671E43A44E00FBC9F0 /* RSGC Organizer */;
			targetProxy = 73B38C881E43A44E00FBC9F0 /* PBXContainerItemProxy */;
		};
/* End PBXTargetDependency section */

/* Begin PBXVariantGroup section */
		73B38C6F1E43A44E00FBC9F0 /* Main.storyboard */ = {
			isa = PBXVariantGroup;
			children = (
				73B38C701E43A44E00FBC9F0 /* Base */,
			);
			name = Main.storyboard;
			sourceTree = "<group>";
		};
		73B38C741E43A44E00FBC9F0 /* LaunchScreen.storyboard */ = {
			isa = PBXVariantGroup;
			children = (
				73B38C751E43A44E00FBC9F0 /* Base */,
			);
			name = LaunchScreen.storyboard;
			sourceTree = "<group>";
		};
/* End PBXVariantGroup section */

/* Begin XCBuildConfiguration section */
		73B38C8E1E43A44E00FBC9F0 /* Debug */ = {
			isa = XCBuildConfiguration;
			buildSettings = {
				ALWAYS_SEARCH_USER_PATHS = NO;
				CLANG_ANALYZER_NONNULL = YES;
				CLANG_CXX_LANGUAGE_STANDARD = "gnu++0x";
				CLANG_CXX_LIBRARY = "libc++";
				CLANG_ENABLE_MODULES = YES;
				CLANG_ENABLE_OBJC_ARC = YES;
				CLANG_WARN_BOOL_CONVERSION = YES;
				CLANG_WARN_CONSTANT_CONVERSION = YES;
				CLANG_WARN_DIRECT_OBJC_ISA_USAGE = YES_ERROR;
				CLANG_WARN_DOCUMENTATION_COMMENTS = YES;
				CLANG_WARN_EMPTY_BODY = YES;
				CLANG_WARN_ENUM_CONVERSION = YES;
				CLANG_WARN_INFINITE_RECURSION = YES;
				CLANG_WARN_INT_CONVERSION = YES;
				CLANG_WARN_OBJC_ROOT_CLASS = YES_ERROR;
				CLANG_WARN_SUSPICIOUS_MOVE = YES;
				CLANG_WARN_UNREACHABLE_CODE = YES;
				CLANG_WARN__DUPLICATE_METHOD_MATCH = YES;
				"CODE_SIGN_IDENTITY[sdk=iphoneos*]" = "iPhone Developer";
				COPY_PHASE_STRIP = NO;
				DEBUG_INFORMATION_FORMAT = dwarf;
				ENABLE_STRICT_OBJC_MSGSEND = YES;
				ENABLE_TESTABILITY = YES;
				GCC_C_LANGUAGE_STANDARD = gnu99;
				GCC_DYNAMIC_NO_PIC = NO;
				GCC_NO_COMMON_BLOCKS = YES;
				GCC_OPTIMIZATION_LEVEL = 0;
				GCC_PREPROCESSOR_DEFINITIONS = (
					"DEBUG=1",
					"$(inherited)",
				);
				GCC_WARN_64_TO_32_BIT_CONVERSION = YES;
				GCC_WARN_ABOUT_RETURN_TYPE = YES_ERROR;
				GCC_WARN_UNDECLARED_SELECTOR = YES;
				GCC_WARN_UNINITIALIZED_AUTOS = YES_AGGRESSIVE;
				GCC_WARN_UNUSED_FUNCTION = YES;
				GCC_WARN_UNUSED_VARIABLE = YES;
				IPHONEOS_DEPLOYMENT_TARGET = 10.2;
				MTL_ENABLE_DEBUG_INFO = YES;
				ONLY_ACTIVE_ARCH = YES;
				SDKROOT = iphoneos;
				SWIFT_ACTIVE_COMPILATION_CONDITIONS = DEBUG;
				SWIFT_OPTIMIZATION_LEVEL = "-Onone";
			};
			name = Debug;
		};
		73B38C8F1E43A44E00FBC9F0 /* Release */ = {
			isa = XCBuildConfiguration;
			buildSettings = {
				ALWAYS_SEARCH_USER_PATHS = NO;
				CLANG_ANALYZER_NONNULL = YES;
				CLANG_CXX_LANGUAGE_STANDARD = "gnu++0x";
				CLANG_CXX_LIBRARY = "libc++";
				CLANG_ENABLE_MODULES = YES;
				CLANG_ENABLE_OBJC_ARC = YES;
				CLANG_WARN_BOOL_CONVERSION = YES;
				CLANG_WARN_CONSTANT_CONVERSION = YES;
				CLANG_WARN_DIRECT_OBJC_ISA_USAGE = YES_ERROR;
				CLANG_WARN_DOCUMENTATION_COMMENTS = YES;
				CLANG_WARN_EMPTY_BODY = YES;
				CLANG_WARN_ENUM_CONVERSION = YES;
				CLANG_WARN_INFINITE_RECURSION = YES;
				CLANG_WARN_INT_CONVERSION = YES;
				CLANG_WARN_OBJC_ROOT_CLASS = YES_ERROR;
				CLANG_WARN_SUSPICIOUS_MOVE = YES;
				CLANG_WARN_UNREACHABLE_CODE = YES;
				CLANG_WARN__DUPLICATE_METHOD_MATCH = YES;
				"CODE_SIGN_IDENTITY[sdk=iphoneos*]" = "iPhone Developer";
				COPY_PHASE_STRIP = NO;
				DEBUG_INFORMATION_FORMAT = "dwarf-with-dsym";
				ENABLE_NS_ASSERTIONS = NO;
				ENABLE_STRICT_OBJC_MSGSEND = YES;
				GCC_C_LANGUAGE_STANDARD = gnu99;
				GCC_NO_COMMON_BLOCKS = YES;
				GCC_WARN_64_TO_32_BIT_CONVERSION = YES;
				GCC_WARN_ABOUT_RETURN_TYPE = YES_ERROR;
				GCC_WARN_UNDECLARED_SELECTOR = YES;
				GCC_WARN_UNINITIALIZED_AUTOS = YES_AGGRESSIVE;
				GCC_WARN_UNUSED_FUNCTION = YES;
				GCC_WARN_UNUSED_VARIABLE = YES;
				IPHONEOS_DEPLOYMENT_TARGET = 10.2;
				MTL_ENABLE_DEBUG_INFO = NO;
				SDKROOT = iphoneos;
				SWIFT_OPTIMIZATION_LEVEL = "-Owholemodule";
				VALIDATE_PRODUCT = YES;
			};
			name = Release;
		};
		73B38C911E43A44E00FBC9F0 /* Debug */ = {
			isa = XCBuildConfiguration;
			baseConfigurationReference = 4529FD46D9E3D5D6F51E60B5 /* Pods-RSGC Organizer.debug.xcconfig */;
			buildSettings = {
				ASSETCATALOG_COMPILER_APPICON_NAME = AppIcon;
				DEVELOPMENT_TEAM = 7JLULCM2VZ;
				INFOPLIST_FILE = "RSGC Organizer/Info.plist";
				LD_RUNPATH_SEARCH_PATHS = "$(inherited) @executable_path/Frameworks";
				PRODUCT_BUNDLE_IDENTIFIER = "net.petetech.RSGC-Organizer";
				PRODUCT_NAME = "$(TARGET_NAME)";
				SWIFT_VERSION = 3.0;
			};
			name = Debug;
		};
		73B38C921E43A44E00FBC9F0 /* Release */ = {
			isa = XCBuildConfiguration;
			baseConfigurationReference = A53EBF4A2213246243C81115 /* Pods-RSGC Organizer.release.xcconfig */;
			buildSettings = {
				ASSETCATALOG_COMPILER_APPICON_NAME = AppIcon;
				DEVELOPMENT_TEAM = 7JLULCM2VZ;
				INFOPLIST_FILE = "RSGC Organizer/Info.plist";
				LD_RUNPATH_SEARCH_PATHS = "$(inherited) @executable_path/Frameworks";
				PRODUCT_BUNDLE_IDENTIFIER = "net.petetech.RSGC-Organizer";
				PRODUCT_NAME = "$(TARGET_NAME)";
				SWIFT_VERSION = 3.0;
			};
			name = Release;
		};
		73B38C941E43A44E00FBC9F0 /* Debug */ = {
			isa = XCBuildConfiguration;
			buildSettings = {
				ALWAYS_EMBED_SWIFT_STANDARD_LIBRARIES = YES;
				BUNDLE_LOADER = "$(TEST_HOST)";
				DEVELOPMENT_TEAM = 7JLULCM2VZ;
				INFOPLIST_FILE = "RSGC OrganizerTests/Info.plist";
				LD_RUNPATH_SEARCH_PATHS = "$(inherited) @executable_path/Frameworks @loader_path/Frameworks";
				PRODUCT_BUNDLE_IDENTIFIER = "net.petetech.RSGC-OrganizerTests";
				PRODUCT_NAME = "$(TARGET_NAME)";
				SWIFT_VERSION = 3.0;
				TEST_HOST = "$(BUILT_PRODUCTS_DIR)/RSGC Organizer.app/RSGC Organizer";
			};
			name = Debug;
		};
		73B38C951E43A44E00FBC9F0 /* Release */ = {
			isa = XCBuildConfiguration;
			buildSettings = {
				ALWAYS_EMBED_SWIFT_STANDARD_LIBRARIES = YES;
				BUNDLE_LOADER = "$(TEST_HOST)";
				DEVELOPMENT_TEAM = 7JLULCM2VZ;
				INFOPLIST_FILE = "RSGC OrganizerTests/Info.plist";
				LD_RUNPATH_SEARCH_PATHS = "$(inherited) @executable_path/Frameworks @loader_path/Frameworks";
				PRODUCT_BUNDLE_IDENTIFIER = "net.petetech.RSGC-OrganizerTests";
				PRODUCT_NAME = "$(TARGET_NAME)";
				SWIFT_VERSION = 3.0;
				TEST_HOST = "$(BUILT_PRODUCTS_DIR)/RSGC Organizer.app/RSGC Organizer";
			};
			name = Release;
		};
		73B38C971E43A44E00FBC9F0 /* Debug */ = {
			isa = XCBuildConfiguration;
			buildSettings = {
				ALWAYS_EMBED_SWIFT_STANDARD_LIBRARIES = YES;
				DEVELOPMENT_TEAM = 7JLULCM2VZ;
				INFOPLIST_FILE = "RSGC OrganizerUITests/Info.plist";
				LD_RUNPATH_SEARCH_PATHS = "$(inherited) @executable_path/Frameworks @loader_path/Frameworks";
				PRODUCT_BUNDLE_IDENTIFIER = "net.petetech.RSGC-OrganizerUITests";
				PRODUCT_NAME = "$(TARGET_NAME)";
				SWIFT_VERSION = 3.0;
				TEST_TARGET_NAME = "RSGC Organizer";
			};
			name = Debug;
		};
		73B38C981E43A44E00FBC9F0 /* Release */ = {
			isa = XCBuildConfiguration;
			buildSettings = {
				ALWAYS_EMBED_SWIFT_STANDARD_LIBRARIES = YES;
				DEVELOPMENT_TEAM = 7JLULCM2VZ;
				INFOPLIST_FILE = "RSGC OrganizerUITests/Info.plist";
				LD_RUNPATH_SEARCH_PATHS = "$(inherited) @executable_path/Frameworks @loader_path/Frameworks";
				PRODUCT_BUNDLE_IDENTIFIER = "net.petetech.RSGC-OrganizerUITests";
				PRODUCT_NAME = "$(TARGET_NAME)";
				SWIFT_VERSION = 3.0;
				TEST_TARGET_NAME = "RSGC Organizer";
			};
			name = Release;
		};
/* End XCBuildConfiguration section */

/* Begin XCConfigurationList section */
		73B38C631E43A44E00FBC9F0 /* Build configuration list for PBXProject "RSGC Organizer" */ = {
			isa = XCConfigurationList;
			buildConfigurations = (
				73B38C8E1E43A44E00FBC9F0 /* Debug */,
				73B38C8F1E43A44E00FBC9F0 /* Release */,
			);
			defaultConfigurationIsVisible = 0;
			defaultConfigurationName = Release;
		};
		73B38C901E43A44E00FBC9F0 /* Build configuration list for PBXNativeTarget "RSGC Organizer" */ = {
			isa = XCConfigurationList;
			buildConfigurations = (
				73B38C911E43A44E00FBC9F0 /* Debug */,
				73B38C921E43A44E00FBC9F0 /* Release */,
			);
			defaultConfigurationIsVisible = 0;
			defaultConfigurationName = Release;
		};
		73B38C931E43A44E00FBC9F0 /* Build configuration list for PBXNativeTarget "RSGC OrganizerTests" */ = {
			isa = XCConfigurationList;
			buildConfigurations = (
				73B38C941E43A44E00FBC9F0 /* Debug */,
				73B38C951E43A44E00FBC9F0 /* Release */,
			);
			defaultConfigurationIsVisible = 0;
			defaultConfigurationName = Release;
		};
		73B38C961E43A44E00FBC9F0 /* Build configuration list for PBXNativeTarget "RSGC OrganizerUITests" */ = {
			isa = XCConfigurationList;
			buildConfigurations = (
				73B38C971E43A44E00FBC9F0 /* Debug */,
				73B38C981E43A44E00FBC9F0 /* Release */,
			);
			defaultConfigurationIsVisible = 0;
			defaultConfigurationName = Release;
		};
/* End XCConfigurationList section */
	};
	rootObject = 73B38C601E43A44E00FBC9F0 /* Project object */;
}
